
Microsoft Visual Studio Solution File, Format Version 12.00
# Visual Studio Version 16
VisualStudioVersion = 16.0.30503.244
MinimumVisualStudioVersion = 10.0.40219.1
Project("{FAE04EC0-301F-11D3-BF4B-00C04F79EFBC}") = "Courses", "Courses\Courses.csproj", "{6A524C0A-2045-4390-AFBB-250DE8D2152C}"
EndProject
Global
	GlobalSection(SolutionConfigurationPlatforms) = preSolution
		Debug|Any CPU = Debug|Any CPU
		Release|Any CPU = Release|Any CPU
	EndGlobalSection
	GlobalSection(ProjectConfigurationPlatforms) = postSolution
		{6A524C0A-2045-4390-AFBB-250DE8D2152C}.Debug|Any CPU.ActiveCfg = Debug|Any CPU
		{6A524C0A-2045-4390-AFBB-250DE8D2152C}.Debug|Any CPU.Build.0 = Debug|Any CPU
		{6A524C0A-2045-4390-AFBB-250DE8D2152C}.Release|Any CPU.ActiveCfg = Release|Any CPU
		{6A524C0A-2045-4390-AFBB-250DE8D2152C}.Release|Any CPU.Build.0 = Release|Any CPU
	EndGlobalSection
	GlobalSection(SolutionProperties) = preSolution
		HideSolutionNode = FALSE
	EndGlobalSection
	GlobalSection(ExtensibilityGlobals) = postSolution
		SolutionGuid = {CFD60254-1D2D-4BCA-A338-E446A8490EC0}
	EndGlobalSection
EndGlobal
